// !$*UTF8*$!
{
	archiveVersion = 1;
	classes = {
	};
	objectVersion = 56;
	objects = {

/* Begin PBXBuildFile section */
		1B3136EF2B135EC30028FF75 /* SwiftUIBasicApp.swift in Sources */ = {isa = PBXBuildFile; fileRef = 1B3136EE2B135EC30028FF75 /* SwiftUIBasicApp.swift */; };
		1B3136F12B135EC30028FF75 /* ContentView.swift in Sources */ = {isa = PBXBuildFile; fileRef = 1B3136F02B135EC30028FF75 /* ContentView.swift */; };
		1B3136F32B135EC50028FF75 /* Assets.xcassets in Resources */ = {isa = PBXBuildFile; fileRef = 1B3136F22B135EC50028FF75 /* Assets.xcassets */; };
		1B3136F62B135EC50028FF75 /* Preview Assets.xcassets in Resources */ = {isa = PBXBuildFile; fileRef = 1B3136F52B135EC50028FF75 /* Preview Assets.xcassets */; };
		1B3137002B135EC50028FF75 /* SwiftUIBasicTests.swift in Sources */ = {isa = PBXBuildFile; fileRef = 1B3136FF2B135EC50028FF75 /* SwiftUIBasicTests.swift */; };
		1B31370A2B135EC50028FF75 /* SwiftUIBasicUITests.swift in Sources */ = {isa = PBXBuildFile; fileRef = 1B3137092B135EC50028FF75 /* SwiftUIBasicUITests.swift */; };
		1B31370C2B135EC50028FF75 /* SwiftUIBasicUITestsLaunchTests.swift in Sources */ = {isa = PBXBuildFile; fileRef = 1B31370B2B135EC50028FF75 /* SwiftUIBasicUITestsLaunchTests.swift */; };
		1B3137192B135F4B0028FF75 /* TextBasic.swift in Sources */ = {isa = PBXBuildFile; fileRef = 1B3137182B135F4B0028FF75 /* TextBasic.swift */; };
/* End PBXBuildFile section */

/* Begin PBXContainerItemProxy section */
		1B3136FC2B135EC50028FF75 /* PBXContainerItemProxy */ = {
			isa = PBXContainerItemProxy;
			containerPortal = 1B3136E32B135EC30028FF75 /* Project object */;
			proxyType = 1;
			remoteGlobalIDString = 1B3136EA2B135EC30028FF75;
			remoteInfo = SwiftUIBasic;
		};
		1B3137062B135EC50028FF75 /* PBXContainerItemProxy */ = {
			isa = PBXContainerItemProxy;
			containerPortal = 1B3136E32B135EC30028FF75 /* Project object */;
			proxyType = 1;
			remoteGlobalIDString = 1B3136EA2B135EC30028FF75;
			remoteInfo = SwiftUIBasic;
		};
/* End PBXContainerItemProxy section */

/* Begin PBXFileReference section */
		1B3136EB2B135EC30028FF75 /* SwiftUIBasic.app */ = {isa = PBXFileReference; explicitFileType = wrapper.application; includeInIndex = 0; path = SwiftUIBasic.app; sourceTree = BUILT_PRODUCTS_DIR; };
		1B3136EE2B135EC30028FF75 /* SwiftUIBasicApp.swift */ = {isa = PBXFileReference; lastKnownFileType = sourcecode.swift; path = SwiftUIBasicApp.swift; sourceTree = "<group>"; };
		1B3136F02B135EC30028FF75 /* ContentView.swift */ = {isa = PBXFileReference; lastKnownFileType = sourcecode.swift; path = ContentView.swift; sourceTree = "<group>"; };
		1B3136F22B135EC50028FF75 /* Assets.xcassets */ = {isa = PBXFileReference; lastKnownFileType = folder.assetcatalog; path = Assets.xcassets; sourceTree = "<group>"; };
		1B3136F52B135EC50028FF75 /* Preview Assets.xcassets */ = {isa = PBXFileReference; lastKnownFileType = folder.assetcatalog; path = "Preview Assets.xcassets"; sourceTree = "<group>"; };
		1B3136FB2B135EC50028FF75 /* SwiftUIBasicTests.xctest */ = {isa = PBXFileReference; explicitFileType = wrapper.cfbundle; includeInIndex = 0; path = SwiftUIBasicTests.xctest; sourceTree = BUILT_PRODUCTS_DIR; };
		1B3136FF2B135EC50028FF75 /* SwiftUIBasicTests.swift */ = {isa = PBXFileReference; lastKnownFileType = sourcecode.swift; path = SwiftUIBasicTests.swift; sourceTree = "<group>"; };
		1B3137052B135EC50028FF75 /* SwiftUIBasicUITests.xctest */ = {isa = PBXFileReference; explicitFileType = wrapper.cfbundle; includeInIndex = 0; path = SwiftUIBasicUITests.xctest; sourceTree = BUILT_PRODUCTS_DIR; };
		1B3137092B135EC50028FF75 /* SwiftUIBasicUITests.swift */ = {isa = PBXFileReference; lastKnownFileType = sourcecode.swift; path = SwiftUIBasicUITests.swift; sourceTree = "<group>"; };
		1B31370B2B135EC50028FF75 /* SwiftUIBasicUITestsLaunchTests.swift */ = {isa = PBXFileReference; lastKnownFileType = sourcecode.swift; path = SwiftUIBasicUITestsLaunchTests.swift; sourceTree = "<group>"; };
		1B3137182B135F4B0028FF75 /* TextBasic.swift */ = {isa = PBXFileReference; lastKnownFileType = sourcecode.swift; path = TextBasic.swift; sourceTree = "<group>"; };
/* End PBXFileReference section */

/* Begin PBXFrameworksBuildPhase section */
		1B3136E82B135EC30028FF75 /* Frameworks */ = {
			isa = PBXFrameworksBuildPhase;
			buildActionMask = 2147483647;
			files = (
			);
			runOnlyForDeploymentPostprocessing = 0;
		};
		1B3136F82B135EC50028FF75 /* Frameworks */ = {
			isa = PBXFrameworksBuildPhase;
			buildActionMask = 2147483647;
			files = (
			);
			runOnlyForDeploymentPostprocessing = 0;
		};
		1B3137022B135EC50028FF75 /* Frameworks */ = {
			isa = PBXFrameworksBuildPhase;
			buildActionMask = 2147483647;
			files = (
			);
			runOnlyForDeploymentPostprocessing = 0;
		};
/* End PBXFrameworksBuildPhase section */

/* Begin PBXGroup section */
		1B3136E22B135EC30028FF75 = {
			isa = PBXGroup;
			children = (
				1B3136ED2B135EC30028FF75 /* SwiftUIBasic */,
				1B3136FE2B135EC50028FF75 /* SwiftUIBasicTests */,
				1B3137082B135EC50028FF75 /* SwiftUIBasicUITests */,
				1B3136EC2B135EC30028FF75 /* Products */,
			);
			sourceTree = "<group>";
		};
		1B3136EC2B135EC30028FF75 /* Products */ = {
			isa = PBXGroup;
			children = (
				1B3136EB2B135EC30028FF75 /* SwiftUIBasic.app */,
				1B3136FB2B135EC50028FF75 /* SwiftUIBasicTests.xctest */,
				1B3137052B135EC50028FF75 /* SwiftUIBasicUITests.xctest */,
			);
			name = Products;
			sourceTree = "<group>";
		};
		1B3136ED2B135EC30028FF75 /* SwiftUIBasic */ = {
			isa = PBXGroup;
			children = (
				1B3136EE2B135EC30028FF75 /* SwiftUIBasicApp.swift */,
				1B3136F02B135EC30028FF75 /* ContentView.swift */,
				1B3137182B135F4B0028FF75 /* TextBasic.swift */,
				1B3136F22B135EC50028FF75 /* Assets.xcassets */,
				1B3136F42B135EC50028FF75 /* Preview Content */,
			);
			path = SwiftUIBasic;
			sourceTree = "<group>";
		};
		1B3136F42B135EC50028FF75 /* Preview Content */ = {
			isa = PBXGroup;
			children = (
				1B3136F52B135EC50028FF75 /* Preview Assets.xcassets */,
			);
			path = "Preview Content";
			sourceTree = "<group>";
		};
		1B3136FE2B135EC50028FF75 /* SwiftUIBasicTests */ = {
			isa = PBXGroup;
			children = (
				1B3136FF2B135EC50028FF75 /* SwiftUIBasicTests.swift */,
			);
			path = SwiftUIBasicTests;
			sourceTree = "<group>";
		};
		1B3137082B135EC50028FF75 /* SwiftUIBasicUITests */ = {
			isa = PBXGroup;
			children = (
				1B3137092B135EC50028FF75 /* SwiftUIBasicUITests.swift */,
				1B31370B2B135EC50028FF75 /* SwiftUIBasicUITestsLaunchTests.swift */,
			);
			path = SwiftUIBasicUITests;
			sourceTree = "<group>";
		};
/* End PBXGroup section */

/* Begin PBXNativeTarget section */
		1B3136EA2B135EC30028FF75 /* SwiftUIBasic */ = {
			isa = PBXNativeTarget;
			buildConfigurationList = 1B31370F2B135EC50028FF75 /* Build configuration list for PBXNativeTarget "SwiftUIBasic" */;
			buildPhases = (
				1B3136E72B135EC30028FF75 /* Sources */,
				1B3136E82B135EC30028FF75 /* Frameworks */,
				1B3136E92B135EC30028FF75 /* Resources */,
			);
			buildRules = (
			);
			dependencies = (
			);
			name = SwiftUIBasic;
			productName = SwiftUIBasic;
			productReference = 1B3136EB2B135EC30028FF75 /* SwiftUIBasic.app */;
			productType = "com.apple.product-type.application";
		};
		1B3136FA2B135EC50028FF75 /* SwiftUIBasicTests */ = {
			isa = PBXNativeTarget;
			buildConfigurationList = 1B3137122B135EC50028FF75 /* Build configuration list for PBXNativeTarget "SwiftUIBasicTests" */;
			buildPhases = (
				1B3136F72B135EC50028FF75 /* Sources */,
				1B3136F82B135EC50028FF75 /* Frameworks */,
				1B3136F92B135EC50028FF75 /* Resources */,
			);
			buildRules = (
			);
			dependencies = (
				1B3136FD2B135EC50028FF75 /* PBXTargetDependency */,
			);
			name = SwiftUIBasicTests;
			productName = SwiftUIBasicTests;
			productReference = 1B3136FB2B135EC50028FF75 /* SwiftUIBasicTests.xctest */;
			productType = "com.apple.product-type.bundle.unit-test";
		};
		1B3137042B135EC50028FF75 /* SwiftUIBasicUITests */ = {
			isa = PBXNativeTarget;
			buildConfigurationList = 1B3137152B135EC50028FF75 /* Build configuration list for PBXNativeTarget "SwiftUIBasicUITests" */;
			buildPhases = (
				1B3137012B135EC50028FF75 /* Sources */,
				1B3137022B135EC50028FF75 /* Frameworks */,
				1B3137032B135EC50028FF75 /* Resources */,
			);
			buildRules = (
			);
			dependencies = (
				1B3137072B135EC50028FF75 /* PBXTargetDependency */,
			);
			name = SwiftUIBasicUITests;
			productName = SwiftUIBasicUITests;
			productReference = 1B3137052B135EC50028FF75 /* SwiftUIBasicUITests.xctest */;
			productType = "com.apple.product-type.bundle.ui-testing";
		};
/* End PBXNativeTarget section */

/* Begin PBXProject section */
		1B3136E32B135EC30028FF75 /* Project object */ = {
			isa = PBXProject;
			attributes = {
				BuildIndependentTargetsInParallel = 1;
				LastSwiftUpdateCheck = 1500;
				LastUpgradeCheck = 1500;
				TargetAttributes = {
					1B3136EA2B135EC30028FF75 = {
						CreatedOnToolsVersion = 15.0.1;
					};
					1B3136FA2B135EC50028FF75 = {
						CreatedOnToolsVersion = 15.0.1;
						TestTargetID = 1B3136EA2B135EC30028FF75;
					};
					1B3137042B135EC50028FF75 = {
						CreatedOnToolsVersion = 15.0.1;
						TestTargetID = 1B3136EA2B135EC30028FF75;
					};
				};
			};
			buildConfigurationList = 1B3136E62B135EC30028FF75 /* Build configuration list for PBXProject "SwiftUIBasic" */;
			compatibilityVersion = "Xcode 14.0";
			developmentRegion = en;
			hasScannedForEncodings = 0;
			knownRegions = (
				en,
				Base,
			);
			mainGroup = 1B3136E22B135EC30028FF75;
			productRefGroup = 1B3136EC2B135EC30028FF75 /* Products */;
			projectDirPath = "";
			projectRoot = "";
			targets = (
				1B3136EA2B135EC30028FF75 /* SwiftUIBasic */,
				1B3136FA2B135EC50028FF75 /* SwiftUIBasicTests */,
				1B3137042B135EC50028FF75 /* SwiftUIBasicUITests */,
			);
		};
/* End PBXProject section */

/* Begin PBXResourcesBuildPhase section */
		1B3136E92B135EC30028FF75 /* Resources */ = {
			isa = PBXResourcesBuildPhase;
			buildActionMask = 2147483647;
			files = (
				1B3136F62B135EC50028FF75 /* Preview Assets.xcassets in Resources */,
				1B3136F32B135EC50028FF75 /* Assets.xcassets in Resources */,
			);
			runOnlyForDeploymentPostprocessing = 0;
		};
		1B3136F92B135EC50028FF75 /* Resources */ = {
			isa = PBXResourcesBuildPhase;
			buildActionMask = 2147483647;
			files = (
			);
			runOnlyForDeploymentPostprocessing = 0;
		};
		1B3137032B135EC50028FF75 /* Resources */ = {
			isa = PBXResourcesBuildPhase;
			buildActionMask = 2147483647;
			files = (
			);
			runOnlyForDeploymentPostprocessing = 0;
		};
/* End PBXResourcesBuildPhase section */

/* Begin PBXSourcesBuildPhase section */
		1B3136E72B135EC30028FF75 /* Sources */ = {
			isa = PBXSourcesBuildPhase;
			buildActionMask = 2147483647;
			files = (
				1B3137192B135F4B0028FF75 /* TextBasic.swift in Sources */,
				1B3136F12B135EC30028FF75 /* ContentView.swift in Sources */,
				1B3136EF2B135EC30028FF75 /* SwiftUIBasicApp.swift in Sources */,
			);
			runOnlyForDeploymentPostprocessing = 0;
		};
		1B3136F72B135EC50028FF75 /* Sources */ = {
			isa = PBXSourcesBuildPhase;
			buildActionMask = 2147483647;
			files = (
				1B3137002B135EC50028FF75 /* SwiftUIBasicTests.swift in Sources */,
			);
			runOnlyForDeploymentPostprocessing = 0;
		};
		1B3137012B135EC50028FF75 /* Sources */ = {
			isa = PBXSourcesBuildPhase;
			buildActionMask = 2147483647;
			files = (
				1B31370A2B135EC50028FF75 /* SwiftUIBasicUITests.swift in Sources */,
				1B31370C2B135EC50028FF75 /* SwiftUIBasicUITestsLaunchTests.swift in Sources */,
			);
			runOnlyForDeploymentPostprocessing = 0;
		};
/* End PBXSourcesBuildPhase section */

/* Begin PBXTargetDependency section */
		1B3136FD2B135EC50028FF75 /* PBXTargetDependency */ = {
			isa = PBXTargetDependency;
			target = 1B3136EA2B135EC30028FF75 /* SwiftUIBasic */;
			targetProxy = 1B3136FC2B135EC50028FF75 /* PBXContainerItemProxy */;
		};
		1B3137072B135EC50028FF75 /* PBXTargetDependency */ = {
			isa = PBXTargetDependency;
			target = 1B3136EA2B135EC30028FF75 /* SwiftUIBasic */;
			targetProxy = 1B3137062B135EC50028FF75 /* PBXContainerItemProxy */;
		};
/* End PBXTargetDependency section */

/* Begin XCBuildConfiguration section */
		1B31370D2B135EC50028FF75 /* Debug */ = {
			isa = XCBuildConfiguration;
			buildSettings = {
				ALWAYS_SEARCH_USER_PATHS = NO;
				ASSETCATALOG_COMPILER_GENERATE_SWIFT_ASSET_SYMBOL_EXTENSIONS = YES;
				CLANG_ANALYZER_NONNULL = YES;
				CLANG_ANALYZER_NUMBER_OBJECT_CONVERSION = YES_AGGRESSIVE;
				CLANG_CXX_LANGUAGE_STANDARD = "gnu++20";
				CLANG_ENABLE_MODULES = YES;
				CLANG_ENABLE_OBJC_ARC = YES;
				CLANG_ENABLE_OBJC_WEAK = YES;
				CLANG_WARN_BLOCK_CAPTURE_AUTORELEASING = YES;
				CLANG_WARN_BOOL_CONVERSION = YES;
				CLANG_WARN_COMMA = YES;
				CLANG_WARN_CONSTANT_CONVERSION = YES;
				CLANG_WARN_DEPRECATED_OBJC_IMPLEMENTATIONS = YES;
				CLANG_WARN_DIRECT_OBJC_ISA_USAGE = YES_ERROR;
				CLANG_WARN_DOCUMENTATION_COMMENTS = YES;
				CLANG_WARN_EMPTY_BODY = YES;
				CLANG_WARN_ENUM_CONVERSION = YES;
				CLANG_WARN_INFINITE_RECURSION = YES;
				CLANG_WARN_INT_CONVERSION = YES;
				CLANG_WARN_NON_LITERAL_NULL_CONVERSION = YES;
				CLANG_WARN_OBJC_IMPLICIT_RETAIN_SELF = YES;
				CLANG_WARN_OBJC_LITERAL_CONVERSION = YES;
				CLANG_WARN_OBJC_ROOT_CLASS = YES_ERROR;
				CLANG_WARN_QUOTED_INCLUDE_IN_FRAMEWORK_HEADER = YES;
				CLANG_WARN_RANGE_LOOP_ANALYSIS = YES;
				CLANG_WARN_STRICT_PROTOTYPES = YES;
				CLANG_WARN_SUSPICIOUS_MOVE = YES;
				CLANG_WARN_UNGUARDED_AVAILABILITY = YES_AGGRESSIVE;
				CLANG_WARN_UNREACHABLE_CODE = YES;
				CLANG_WARN__DUPLICATE_METHOD_MATCH = YES;
				COPY_PHASE_STRIP = NO;
				DEBUG_INFORMATION_FORMAT = dwarf;
				ENABLE_STRICT_OBJC_MSGSEND = YES;
				ENABLE_TESTABILITY = YES;
				ENABLE_USER_SCRIPT_SANDBOXING = YES;
				GCC_C_LANGUAGE_STANDARD = gnu17;
				GCC_DYNAMIC_NO_PIC = NO;
				GCC_NO_COMMON_BLOCKS = YES;
				GCC_OPTIMIZATION_LEVEL = 0;
				GCC_PREPROCESSOR_DEFINITIONS = (
					"DEBUG=1",
					"$(inherited)",
				);
				GCC_WARN_64_TO_32_BIT_CONVERSION = YES;
				GCC_WARN_ABOUT_RETURN_TYPE = YES_ERROR;
				GCC_WARN_UNDECLARED_SELECTOR = YES;
				GCC_WARN_UNINITIALIZED_AUTOS = YES_AGGRESSIVE;
				GCC_WARN_UNUSED_FUNCTION = YES;
				GCC_WARN_UNUSED_VARIABLE = YES;
				IPHONEOS_DEPLOYMENT_TARGET = 17.0;
				LOCALIZATION_PREFERS_STRING_CATALOGS = YES;
				MTL_ENABLE_DEBUG_INFO = INCLUDE_SOURCE;
				MTL_FAST_MATH = YES;
				ONLY_ACTIVE_ARCH = YES;
				SDKROOT = iphoneos;
				SWIFT_ACTIVE_COMPILATION_CONDITIONS = "DEBUG $(inherited)";
				SWIFT_OPTIMIZATION_LEVEL = "-Onone";
			};
			name = Debug;
		};
		1B31370E2B135EC50028FF75 /* Release */ = {
			isa = XCBuildConfiguration;
			buildSettings = {
				ALWAYS_SEARCH_USER_PATHS = NO;
				ASSETCATALOG_COMPILER_GENERATE_SWIFT_ASSET_SYMBOL_EXTENSIONS = YES;
				CLANG_ANALYZER_NONNULL = YES;
				CLANG_ANALYZER_NUMBER_OBJECT_CONVERSION = YES_AGGRESSIVE;
				CLANG_CXX_LANGUAGE_STANDARD = "gnu++20";
				CLANG_ENABLE_MODULES = YES;
				CLANG_ENABLE_OBJC_ARC = YES;
				CLANG_ENABLE_OBJC_WEAK = YES;
				CLANG_WARN_BLOCK_CAPTURE_AUTORELEASING = YES;
				CLANG_WARN_BOOL_CONVERSION = YES;
				CLANG_WARN_COMMA = YES;
				CLANG_WARN_CONSTANT_CONVERSION = YES;
				CLANG_WARN_DEPRECATED_OBJC_IMPLEMENTATIONS = YES;
				CLANG_WARN_DIRECT_OBJC_ISA_USAGE = YES_ERROR;
				CLANG_WARN_DOCUMENTATION_COMMENTS = YES;
				CLANG_WARN_EMPTY_BODY = YES;
				CLANG_WARN_ENUM_CONVERSION = YES;
				CLANG_WARN_INFINITE_RECURSION = YES;
				CLANG_WARN_INT_CONVERSION = YES;
				CLANG_WARN_NON_LITERAL_NULL_CONVERSION = YES;
				CLANG_WARN_OBJC_IMPLICIT_RETAIN_SELF = YES;
				CLANG_WARN_OBJC_LITERAL_CONVERSION = YES;
				CLANG_WARN_OBJC_ROOT_CLASS = YES_ERROR;
				CLANG_WARN_QUOTED_INCLUDE_IN_FRAMEWORK_HEADER = YES;
				CLANG_WARN_RANGE_LOOP_ANALYSIS = YES;
				CLANG_WARN_STRICT_PROTOTYPES = YES;
				CLANG_WARN_SUSPICIOUS_MOVE = YES;
				CLANG_WARN_UNGUARDED_AVAILABILITY = YES_AGGRESSIVE;
				CLANG_WARN_UNREACHABLE_CODE = YES;
				CLANG_WARN__DUPLICATE_METHOD_MATCH = YES;
				COPY_PHASE_STRIP = NO;
				DEBUG_INFORMATION_FORMAT = "dwarf-with-dsym";
				ENABLE_NS_ASSERTIONS = NO;
				ENABLE_STRICT_OBJC_MSGSEND = YES;
				ENABLE_USER_SCRIPT_SANDBOXING = YES;
				GCC_C_LANGUAGE_STANDARD = gnu17;
				GCC_NO_COMMON_BLOCKS = YES;
				GCC_WARN_64_TO_32_BIT_CONVERSION = YES;
				GCC_WARN_ABOUT_RETURN_TYPE = YES_ERROR;
				GCC_WARN_UNDECLARED_SELECTOR = YES;
				GCC_WARN_UNINITIALIZED_AUTOS = YES_AGGRESSIVE;
				GCC_WARN_UNUSED_FUNCTION = YES;
				GCC_WARN_UNUSED_VARIABLE = YES;
				IPHONEOS_DEPLOYMENT_TARGET = 17.0;
				LOCALIZATION_PREFERS_STRING_CATALOGS = YES;
				MTL_ENABLE_DEBUG_INFO = NO;
				MTL_FAST_MATH = YES;
				SDKROOT = iphoneos;
				SWIFT_COMPILATION_MODE = wholemodule;
				VALIDATE_PRODUCT = YES;
			};
			name = Release;
		};
		1B3137102B135EC50028FF75 /* Debug */ = {
			isa = XCBuildConfiguration;
			buildSettings = {
				ASSETCATALOG_COMPILER_APPICON_NAME = AppIcon;
				ASSETCATALOG_COMPILER_GLOBAL_ACCENT_COLOR_NAME = AccentColor;
				CODE_SIGN_STYLE = Automatic;
				CURRENT_PROJECT_VERSION = 1;
				DEVELOPMENT_ASSET_PATHS = "\"SwiftUIBasic/Preview Content\"";
				DEVELOPMENT_TEAM = P5M2TSYH8P;
				ENABLE_PREVIEWS = YES;
				GENERATE_INFOPLIST_FILE = YES;
				INFOPLIST_KEY_UIApplicationSceneManifest_Generation = YES;
				INFOPLIST_KEY_UIApplicationSupportsIndirectInputEvents = YES;
				INFOPLIST_KEY_UILaunchScreen_Generation = YES;
				INFOPLIST_KEY_UISupportedInterfaceOrientations_iPad = "UIInterfaceOrientationPortrait UIInterfaceOrientationPortraitUpsideDown UIInterfaceOrientationLandscapeLeft UIInterfaceOrientationLandscapeRight";
				INFOPLIST_KEY_UISupportedInterfaceOrientations_iPhone = "UIInterfaceOrientationPortrait UIInterfaceOrientationLandscapeLeft UIInterfaceOrientationLandscapeRight";
				LD_RUNPATH_SEARCH_PATHS = (
					"$(inherited)",
					"@executable_path/Frameworks",
				);
				MARKETING_VERSION = 1.0;
				PRODUCT_BUNDLE_IDENTIFIER = "Gwonseok-Lee.SwiftUIBasic";
				PRODUCT_NAME = "$(TARGET_NAME)";
				SWIFT_EMIT_LOC_STRINGS = YES;
				SWIFT_VERSION = 5.0;
				TARGETED_DEVICE_FAMILY = "1,2";
			};
			name = Debug;
		};
		1B3137112B135EC50028FF75 /* Release */ = {
			isa = XCBuildConfiguration;
			buildSettings = {
				ASSETCATALOG_COMPILER_APPICON_NAME = AppIcon;
				ASSETCATALOG_COMPILER_GLOBAL_ACCENT_COLOR_NAME = AccentColor;
				CODE_SIGN_STYLE = Automatic;
				CURRENT_PROJECT_VERSION = 1;
				DEVELOPMENT_ASSET_PATHS = "\"SwiftUIBasic/Preview Content\"";
				DEVELOPMENT_TEAM = P5M2TSYH8P;
				ENABLE_PREVIEWS = YES;
				GENERATE_INFOPLIST_FILE = YES;
				INFOPLIST_KEY_UIApplicationSceneManifest_Generation = YES;
				INFOPLIST_KEY_UIApplicationSupportsIndirectInputEvents = YES;
				INFOPLIST_KEY_UILaunchScreen_Generation = YES;
				INFOPLIST_KEY_UISupportedInterfaceOrientations_iPad = "UIInterfaceOrientationPortrait UIInterfaceOrientationPortraitUpsideDown UIInterfaceOrientationLandscapeLeft UIInterfaceOrientationLandscapeRight";
				INFOPLIST_KEY_UISupportedInterfaceOrientations_iPhone = "UIInterfaceOrientationPortrait UIInterfaceOrientationLandscapeLeft UIInterfaceOrientationLandscapeRight";
				LD_RUNPATH_SEARCH_PATHS = (
					"$(inherited)",
					"@executable_path/Frameworks",
				);
				MARKETING_VERSION = 1.0;
				PRODUCT_BUNDLE_IDENTIFIER = "Gwonseok-Lee.SwiftUIBasic";
				PRODUCT_NAME = "$(TARGET_NAME)";
				SWIFT_EMIT_LOC_STRINGS = YES;
				SWIFT_VERSION = 5.0;
				TARGETED_DEVICE_FAMILY = "1,2";
			};
			name = Release;
		};
		1B3137132B135EC50028FF75 /* Debug */ = {
			isa = XCBuildConfiguration;
			buildSettings = {
				ALWAYS_EMBED_SWIFT_STANDARD_LIBRARIES = YES;
				BUNDLE_LOADER = "$(TEST_HOST)";
				CODE_SIGN_STYLE = Automatic;
				CURRENT_PROJECT_VERSION = 1;
				DEVELOPMENT_TEAM = P5M2TSYH8P;
				GENERATE_INFOPLIST_FILE = YES;
				IPHONEOS_DEPLOYMENT_TARGET = 17.0;
				MARKETING_VERSION = 1.0;
				PRODUCT_BUNDLE_IDENTIFIER = "Gwonseok-Lee.SwiftUIBasicTests";
				PRODUCT_NAME = "$(TARGET_NAME)";
				SWIFT_EMIT_LOC_STRINGS = NO;
				SWIFT_VERSION = 5.0;
				TARGETED_DEVICE_FAMILY = "1,2";
				TEST_HOST = "$(BUILT_PRODUCTS_DIR)/SwiftUIBasic.app/$(BUNDLE_EXECUTABLE_FOLDER_PATH)/SwiftUIBasic";
			};
			name = Debug;
		};
		1B3137142B135EC50028FF75 /* Release */ = {
			isa = XCBuildConfiguration;
			buildSettings = {
				ALWAYS_EMBED_SWIFT_STANDARD_LIBRARIES = YES;
				BUNDLE_LOADER = "$(TEST_HOST)";
				CODE_SIGN_STYLE = Automatic;
				CURRENT_PROJECT_VERSION = 1;
				DEVELOPMENT_TEAM = P5M2TSYH8P;
				GENERATE_INFOPLIST_FILE = YES;
				IPHONEOS_DEPLOYMENT_TARGET = 17.0;
				MARKETING_VERSION = 1.0;
				PRODUCT_BUNDLE_IDENTIFIER = "Gwonseok-Lee.SwiftUIBasicTests";
				PRODUCT_NAME = "$(TARGET_NAME)";
				SWIFT_EMIT_LOC_STRINGS = NO;
				SWIFT_VERSION = 5.0;
				TARGETED_DEVICE_FAMILY = "1,2";
				TEST_HOST = "$(BUILT_PRODUCTS_DIR)/SwiftUIBasic.app/$(BUNDLE_EXECUTABLE_FOLDER_PATH)/SwiftUIBasic";
			};
			name = Release;
		};
		1B3137162B135EC50028FF75 /* Debug */ = {
			isa = XCBuildConfiguration;
			buildSettings = {
				ALWAYS_EMBED_SWIFT_STANDARD_LIBRARIES = YES;
				CODE_SIGN_STYLE = Automatic;
				CURRENT_PROJECT_VERSION = 1;
				DEVELOPMENT_TEAM = P5M2TSYH8P;
				GENERATE_INFOPLIST_FILE = YES;
				MARKETING_VERSION = 1.0;
				PRODUCT_BUNDLE_IDENTIFIER = "Gwonseok-Lee.SwiftUIBasicUITests";
				PRODUCT_NAME = "$(TARGET_NAME)";
				SWIFT_EMIT_LOC_STRINGS = NO;
				SWIFT_VERSION = 5.0;
				TARGETED_DEVICE_FAMILY = "1,2";
				TEST_TARGET_NAME = SwiftUIBasic;
			};
			name = Debug;
		};
		1B3137172B135EC50028FF75 /* Release */ = {
			isa = XCBuildConfiguration;
			buildSettings = {
				ALWAYS_EMBED_SWIFT_STANDARD_LIBRARIES = YES;
				CODE_SIGN_STYLE = Automatic;
				CURRENT_PROJECT_VERSION = 1;
				DEVELOPMENT_TEAM = P5M2TSYH8P;
				GENERATE_INFOPLIST_FILE = YES;
				MARKETING_VERSION = 1.0;
				PRODUCT_BUNDLE_IDENTIFIER = "Gwonseok-Lee.SwiftUIBasicUITests";
				PRODUCT_NAME = "$(TARGET_NAME)";
				SWIFT_EMIT_LOC_STRINGS = NO;
				SWIFT_VERSION = 5.0;
				TARGETED_DEVICE_FAMILY = "1,2";
				TEST_TARGET_NAME = SwiftUIBasic;
			};
			name = Release;
		};
/* End XCBuildConfiguration section */

/* Begin XCConfigurationList section */
		1B3136E62B135EC30028FF75 /* Build configuration list for PBXProject "SwiftUIBasic" */ = {
			isa = XCConfigurationList;
			buildConfigurations = (
				1B31370D2B135EC50028FF75 /* Debug */,
				1B31370E2B135EC50028FF75 /* Release */,
			);
			defaultConfigurationIsVisible = 0;
			defaultConfigurationName = Release;
		};
		1B31370F2B135EC50028FF75 /* Build configuration list for PBXNativeTarget "SwiftUIBasic" */ = {
			isa = XCConfigurationList;
			buildConfigurations = (
				1B3137102B135EC50028FF75 /* Debug */,
				1B3137112B135EC50028FF75 /* Release */,
			);
			defaultConfigurationIsVisible = 0;
			defaultConfigurationName = Release;
		};
		1B3137122B135EC50028FF75 /* Build configuration list for PBXNativeTarget "SwiftUIBasicTests" */ = {
			isa = XCConfigurationList;
			buildConfigurations = (
				1B3137132B135EC50028FF75 /* Debug */,
				1B3137142B135EC50028FF75 /* Release */,
			);
			defaultConfigurationIsVisible = 0;
			defaultConfigurationName = Release;
		};
		1B3137152B135EC50028FF75 /* Build configuration list for PBXNativeTarget "SwiftUIBasicUITests" */ = {
			isa = XCConfigurationList;
			buildConfigurations = (
				1B3137162B135EC50028FF75 /* Debug */,
				1B3137172B135EC50028FF75 /* Release */,
			);
			defaultConfigurationIsVisible = 0;
			defaultConfigurationName = Release;
		};
/* End XCConfigurationList section */
	};
	rootObject = 1B3136E32B135EC30028FF75 /* Project object */;
}
